// !$*UTF8*$!
{
	archiveVersion = 1;
	classes = {
	};
	objectVersion = 51;
	objects = {

/* Begin PBXBuildFile section */
		16D095342DF5F8C30C3B9F69 /* Pods_Animal2Tests.framework in Frameworks */ = {isa = PBXBuildFile; fileRef = D8478BD25D5082FE2D45A409 /* Pods_Animal2Tests.framework */; };
		76F67D729AF28C68FEA1E054 /* Pods_Animal2.framework in Frameworks */ = {isa = PBXBuildFile; fileRef = 268B6CCB697503312CD72E7F /* Pods_Animal2.framework */; };
		7B6F6467DB260365AF88C689 /* Pods_Animal2UITests.framework in Frameworks */ = {isa = PBXBuildFile; fileRef = 3B36297F93A0A9393D2BEEB7 /* Pods_Animal2UITests.framework */; };
		FE5BB4682334D6AF00B16563 /* AnimalTopCollectionViewCell.xib in Resources */ = {isa = PBXBuildFile; fileRef = FE5BB4672334D6AF00B16563 /* AnimalTopCollectionViewCell.xib */; };
		FE5BB46A2334D6DC00B16563 /* AnimalTopCollectionViewCell.swift in Sources */ = {isa = PBXBuildFile; fileRef = FE5BB4692334D6DC00B16563 /* AnimalTopCollectionViewCell.swift */; };
		FEBA543523176EA800E8EA2F /* OneCell.xib in Resources */ = {isa = PBXBuildFile; fileRef = FEBA543423176EA800E8EA2F /* OneCell.xib */; };
		FEBA543723176EE200E8EA2F /* TopCell.xib in Resources */ = {isa = PBXBuildFile; fileRef = FEBA543623176EE200E8EA2F /* TopCell.xib */; };
		FEBA543923176F1D00E8EA2F /* OneCell.swift in Sources */ = {isa = PBXBuildFile; fileRef = FEBA543823176F1D00E8EA2F /* OneCell.swift */; };
		FEBA543B23176F3900E8EA2F /* TopCell.swift in Sources */ = {isa = PBXBuildFile; fileRef = FEBA543A23176F3900E8EA2F /* TopCell.swift */; };
		FEBA543F2317747200E8EA2F /* Main.storyboard in Resources */ = {isa = PBXBuildFile; fileRef = FEBA543E2317747200E8EA2F /* Main.storyboard */; };
		FEBA54412317A29700E8EA2F /* AnimalAPI.swift in Sources */ = {isa = PBXBuildFile; fileRef = FEBA54402317A29700E8EA2F /* AnimalAPI.swift */; };
		FEBA54432317A36900E8EA2F /* AnimalModel.swift in Sources */ = {isa = PBXBuildFile; fileRef = FEBA54422317A36900E8EA2F /* AnimalModel.swift */; };
		FEBA54472317A84A00E8EA2F /* AnimalService.swift in Sources */ = {isa = PBXBuildFile; fileRef = FEBA54462317A84A00E8EA2F /* AnimalService.swift */; };
		FEBA54492317A86E00E8EA2F /* OneViewController.swift in Sources */ = {isa = PBXBuildFile; fileRef = FEBA54482317A86E00E8EA2F /* OneViewController.swift */; };
		FEBA544B2317A87A00E8EA2F /* TwoViewController.swift in Sources */ = {isa = PBXBuildFile; fileRef = FEBA544A2317A87A00E8EA2F /* TwoViewController.swift */; };
		FEBA544D2317A8B200E8EA2F /* FavoritesViewController.swift in Sources */ = {isa = PBXBuildFile; fileRef = FEBA544C2317A8B200E8EA2F /* FavoritesViewController.swift */; };
		FEBA544F2317C29300E8EA2F /* AnimalViewModel.swift in Sources */ = {isa = PBXBuildFile; fileRef = FEBA544E2317C29300E8EA2F /* AnimalViewModel.swift */; };
		FEC2C45C24349BBF00632815 /* TwoView.swift in Sources */ = {isa = PBXBuildFile; fileRef = FEC2C45B24349BBF00632815 /* TwoView.swift */; };
		FEEB19F423176B0200B30AC0 /* AppDelegate.swift in Sources */ = {isa = PBXBuildFile; fileRef = FEEB19F323176B0200B30AC0 /* AppDelegate.swift */; };
		FEEB19F623176B0200B30AC0 /* ViewController.swift in Sources */ = {isa = PBXBuildFile; fileRef = FEEB19F523176B0200B30AC0 /* ViewController.swift */; };
		FEEB19FB23176B0300B30AC0 /* Assets.xcassets in Resources */ = {isa = PBXBuildFile; fileRef = FEEB19FA23176B0300B30AC0 /* Assets.xcassets */; };
		FEEB19FE23176B0300B30AC0 /* LaunchScreen.storyboard in Resources */ = {isa = PBXBuildFile; fileRef = FEEB19FC23176B0300B30AC0 /* LaunchScreen.storyboard */; };
		FEEB1A0923176B0300B30AC0 /* Animal2Tests.swift in Sources */ = {isa = PBXBuildFile; fileRef = FEEB1A0823176B0300B30AC0 /* Animal2Tests.swift */; };
		FEEB1A1423176B0300B30AC0 /* Animal2UITests.swift in Sources */ = {isa = PBXBuildFile; fileRef = FEEB1A1323176B0300B30AC0 /* Animal2UITests.swift */; };
/* End PBXBuildFile section */

/* Begin PBXContainerItemProxy section */
		FEEB1A0523176B0300B30AC0 /* PBXContainerItemProxy */ = {
			isa = PBXContainerItemProxy;
			containerPortal = FEEB19E823176B0200B30AC0 /* Project object */;
			proxyType = 1;
			remoteGlobalIDString = FEEB19EF23176B0200B30AC0;
			remoteInfo = Animal2;
		};
		FEEB1A1023176B0300B30AC0 /* PBXContainerItemProxy */ = {
			isa = PBXContainerItemProxy;
			containerPortal = FEEB19E823176B0200B30AC0 /* Project object */;
			proxyType = 1;
			remoteGlobalIDString = FEEB19EF23176B0200B30AC0;
			remoteInfo = Animal2;
		};
/* End PBXContainerItemProxy section */

/* Begin PBXFileReference section */
		22B4AFB61262DDDEEF54FADF /* Pods-Animal2.debug.xcconfig */ = {isa = PBXFileReference; includeInIndex = 1; lastKnownFileType = text.xcconfig; name = "Pods-Animal2.debug.xcconfig"; path = "Target Support Files/Pods-Animal2/Pods-Animal2.debug.xcconfig"; sourceTree = "<group>"; };
		268B6CCB697503312CD72E7F /* Pods_Animal2.framework */ = {isa = PBXFileReference; explicitFileType = wrapper.framework; includeInIndex = 0; path = Pods_Animal2.framework; sourceTree = BUILT_PRODUCTS_DIR; };
		3B36297F93A0A9393D2BEEB7 /* Pods_Animal2UITests.framework */ = {isa = PBXFileReference; explicitFileType = wrapper.framework; includeInIndex = 0; path = Pods_Animal2UITests.framework; sourceTree = BUILT_PRODUCTS_DIR; };
		64704A326E20DBC21B1688FB /* Pods-Animal2UITests.release.xcconfig */ = {isa = PBXFileReference; includeInIndex = 1; lastKnownFileType = text.xcconfig; name = "Pods-Animal2UITests.release.xcconfig"; path = "Target Support Files/Pods-Animal2UITests/Pods-Animal2UITests.release.xcconfig"; sourceTree = "<group>"; };
		7AE642E5545F69745FBA6BE5 /* Pods-Animal2Tests.debug.xcconfig */ = {isa = PBXFileReference; includeInIndex = 1; lastKnownFileType = text.xcconfig; name = "Pods-Animal2Tests.debug.xcconfig"; path = "Target Support Files/Pods-Animal2Tests/Pods-Animal2Tests.debug.xcconfig"; sourceTree = "<group>"; };
		B28DC89FEEA45C27923225D1 /* Pods-Animal2UITests.debug.xcconfig */ = {isa = PBXFileReference; includeInIndex = 1; lastKnownFileType = text.xcconfig; name = "Pods-Animal2UITests.debug.xcconfig"; path = "Target Support Files/Pods-Animal2UITests/Pods-Animal2UITests.debug.xcconfig"; sourceTree = "<group>"; };
		D8478BD25D5082FE2D45A409 /* Pods_Animal2Tests.framework */ = {isa = PBXFileReference; explicitFileType = wrapper.framework; includeInIndex = 0; path = Pods_Animal2Tests.framework; sourceTree = BUILT_PRODUCTS_DIR; };
		DF0FD464966AC513C1BCF047 /* Pods-Animal2Tests.release.xcconfig */ = {isa = PBXFileReference; includeInIndex = 1; lastKnownFileType = text.xcconfig; name = "Pods-Animal2Tests.release.xcconfig"; path = "Target Support Files/Pods-Animal2Tests/Pods-Animal2Tests.release.xcconfig"; sourceTree = "<group>"; };
		FE5BB4672334D6AF00B16563 /* AnimalTopCollectionViewCell.xib */ = {isa = PBXFileReference; lastKnownFileType = file.xib; path = AnimalTopCollectionViewCell.xib; sourceTree = "<group>"; };
		FE5BB4692334D6DC00B16563 /* AnimalTopCollectionViewCell.swift */ = {isa = PBXFileReference; lastKnownFileType = sourcecode.swift; path = AnimalTopCollectionViewCell.swift; sourceTree = "<group>"; };
		FEBA543423176EA800E8EA2F /* OneCell.xib */ = {isa = PBXFileReference; lastKnownFileType = file.xib; path = OneCell.xib; sourceTree = "<group>"; };
		FEBA543623176EE200E8EA2F /* TopCell.xib */ = {isa = PBXFileReference; lastKnownFileType = file.xib; path = TopCell.xib; sourceTree = "<group>"; };
		FEBA543823176F1D00E8EA2F /* OneCell.swift */ = {isa = PBXFileReference; lastKnownFileType = sourcecode.swift; path = OneCell.swift; sourceTree = "<group>"; };
		FEBA543A23176F3900E8EA2F /* TopCell.swift */ = {isa = PBXFileReference; lastKnownFileType = sourcecode.swift; path = TopCell.swift; sourceTree = "<group>"; };
		FEBA543E2317747200E8EA2F /* Main.storyboard */ = {isa = PBXFileReference; lastKnownFileType = file.storyboard; path = Main.storyboard; sourceTree = "<group>"; };
		FEBA54402317A29700E8EA2F /* AnimalAPI.swift */ = {isa = PBXFileReference; lastKnownFileType = sourcecode.swift; path = AnimalAPI.swift; sourceTree = "<group>"; };
		FEBA54422317A36900E8EA2F /* AnimalModel.swift */ = {isa = PBXFileReference; lastKnownFileType = sourcecode.swift; path = AnimalModel.swift; sourceTree = "<group>"; };
		FEBA54462317A84A00E8EA2F /* AnimalService.swift */ = {isa = PBXFileReference; lastKnownFileType = sourcecode.swift; path = AnimalService.swift; sourceTree = "<group>"; };
		FEBA54482317A86E00E8EA2F /* OneViewController.swift */ = {isa = PBXFileReference; lastKnownFileType = sourcecode.swift; path = OneViewController.swift; sourceTree = "<group>"; };
		FEBA544A2317A87A00E8EA2F /* TwoViewController.swift */ = {isa = PBXFileReference; lastKnownFileType = sourcecode.swift; path = TwoViewController.swift; sourceTree = "<group>"; };
		FEBA544C2317A8B200E8EA2F /* FavoritesViewController.swift */ = {isa = PBXFileReference; lastKnownFileType = sourcecode.swift; path = FavoritesViewController.swift; sourceTree = "<group>"; };
		FEBA544E2317C29300E8EA2F /* AnimalViewModel.swift */ = {isa = PBXFileReference; lastKnownFileType = sourcecode.swift; path = AnimalViewModel.swift; sourceTree = "<group>"; };
		FEC2C45B24349BBF00632815 /* TwoView.swift */ = {isa = PBXFileReference; lastKnownFileType = sourcecode.swift; path = TwoView.swift; sourceTree = "<group>"; };
		FEEB19F023176B0200B30AC0 /* Animal2.app */ = {isa = PBXFileReference; explicitFileType = wrapper.application; includeInIndex = 0; path = Animal2.app; sourceTree = BUILT_PRODUCTS_DIR; };
		FEEB19F323176B0200B30AC0 /* AppDelegate.swift */ = {isa = PBXFileReference; lastKnownFileType = sourcecode.swift; path = AppDelegate.swift; sourceTree = "<group>"; };
		FEEB19F523176B0200B30AC0 /* ViewController.swift */ = {isa = PBXFileReference; lastKnownFileType = sourcecode.swift; path = ViewController.swift; sourceTree = "<group>"; };
		FEEB19FA23176B0300B30AC0 /* Assets.xcassets */ = {isa = PBXFileReference; lastKnownFileType = folder.assetcatalog; path = Assets.xcassets; sourceTree = "<group>"; };
		FEEB19FD23176B0300B30AC0 /* Base */ = {isa = PBXFileReference; lastKnownFileType = file.storyboard; name = Base; path = Base.lproj/LaunchScreen.storyboard; sourceTree = "<group>"; };
		FEEB19FF23176B0300B30AC0 /* Info.plist */ = {isa = PBXFileReference; lastKnownFileType = text.plist.xml; path = Info.plist; sourceTree = "<group>"; };
		FEEB1A0423176B0300B30AC0 /* Animal2Tests.xctest */ = {isa = PBXFileReference; explicitFileType = wrapper.cfbundle; includeInIndex = 0; path = Animal2Tests.xctest; sourceTree = BUILT_PRODUCTS_DIR; };
		FEEB1A0823176B0300B30AC0 /* Animal2Tests.swift */ = {isa = PBXFileReference; lastKnownFileType = sourcecode.swift; path = Animal2Tests.swift; sourceTree = "<group>"; };
		FEEB1A0A23176B0300B30AC0 /* Info.plist */ = {isa = PBXFileReference; lastKnownFileType = text.plist.xml; path = Info.plist; sourceTree = "<group>"; };
		FEEB1A0F23176B0300B30AC0 /* Animal2UITests.xctest */ = {isa = PBXFileReference; explicitFileType = wrapper.cfbundle; includeInIndex = 0; path = Animal2UITests.xctest; sourceTree = BUILT_PRODUCTS_DIR; };
		FEEB1A1323176B0300B30AC0 /* Animal2UITests.swift */ = {isa = PBXFileReference; lastKnownFileType = sourcecode.swift; path = Animal2UITests.swift; sourceTree = "<group>"; };
		FEEB1A1523176B0300B30AC0 /* Info.plist */ = {isa = PBXFileReference; lastKnownFileType = text.plist.xml; path = Info.plist; sourceTree = "<group>"; };
		FFEC1392CF5691B5F05FBA17 /* Pods-Animal2.release.xcconfig */ = {isa = PBXFileReference; includeInIndex = 1; lastKnownFileType = text.xcconfig; name = "Pods-Animal2.release.xcconfig"; path = "Target Support Files/Pods-Animal2/Pods-Animal2.release.xcconfig"; sourceTree = "<group>"; };
/* End PBXFileReference section */

/* Begin PBXFrameworksBuildPhase section */
		FEEB19ED23176B0200B30AC0 /* Frameworks */ = {
			isa = PBXFrameworksBuildPhase;
			buildActionMask = 2147483647;
			files = (
				76F67D729AF28C68FEA1E054 /* Pods_Animal2.framework in Frameworks */,
			);
			runOnlyForDeploymentPostprocessing = 0;
		};
		FEEB1A0123176B0300B30AC0 /* Frameworks */ = {
			isa = PBXFrameworksBuildPhase;
			buildActionMask = 2147483647;
			files = (
				16D095342DF5F8C30C3B9F69 /* Pods_Animal2Tests.framework in Frameworks */,
			);
			runOnlyForDeploymentPostprocessing = 0;
		};
		FEEB1A0C23176B0300B30AC0 /* Frameworks */ = {
			isa = PBXFrameworksBuildPhase;
			buildActionMask = 2147483647;
			files = (
				7B6F6467DB260365AF88C689 /* Pods_Animal2UITests.framework in Frameworks */,
			);
			runOnlyForDeploymentPostprocessing = 0;
		};
/* End PBXFrameworksBuildPhase section */

/* Begin PBXGroup section */
		2FAAC298AC6A0720B9648F60 /* Pods */ = {
			isa = PBXGroup;
			children = (
				22B4AFB61262DDDEEF54FADF /* Pods-Animal2.debug.xcconfig */,
				FFEC1392CF5691B5F05FBA17 /* Pods-Animal2.release.xcconfig */,
				7AE642E5545F69745FBA6BE5 /* Pods-Animal2Tests.debug.xcconfig */,
				DF0FD464966AC513C1BCF047 /* Pods-Animal2Tests.release.xcconfig */,
				B28DC89FEEA45C27923225D1 /* Pods-Animal2UITests.debug.xcconfig */,
				64704A326E20DBC21B1688FB /* Pods-Animal2UITests.release.xcconfig */,
			);
			path = Pods;
			sourceTree = "<group>";
		};
		72E57F98E2857B2467E4340E /* Frameworks */ = {
			isa = PBXGroup;
			children = (
				268B6CCB697503312CD72E7F /* Pods_Animal2.framework */,
				D8478BD25D5082FE2D45A409 /* Pods_Animal2Tests.framework */,
				3B36297F93A0A9393D2BEEB7 /* Pods_Animal2UITests.framework */,
			);
			name = Frameworks;
			sourceTree = "<group>";
		};
		FEBA542E23176DB200E8EA2F /* Model */ = {
			isa = PBXGroup;
			children = (
				FEBA54422317A36900E8EA2F /* AnimalModel.swift */,
			);
			path = Model;
			sourceTree = "<group>";
		};
		FEBA543023176DC900E8EA2F /* Service */ = {
			isa = PBXGroup;
			children = (
				FEBA54462317A84A00E8EA2F /* AnimalService.swift */,
			);
			path = Service;
			sourceTree = "<group>";
		};
		FEBA543123176DDA00E8EA2F /* ViewModel */ = {
			isa = PBXGroup;
			children = (
				FEBA544E2317C29300E8EA2F /* AnimalViewModel.swift */,
			);
			path = ViewModel;
			sourceTree = "<group>";
		};
		FEBA543223176DEF00E8EA2F /* API */ = {
			isa = PBXGroup;
			children = (
				FEBA54402317A29700E8EA2F /* AnimalAPI.swift */,
			);
			path = API;
			sourceTree = "<group>";
		};
		FEBA543323176E2900E8EA2F /* View */ = {
			isa = PBXGroup;
			children = (
				FEC2C45B24349BBF00632815 /* TwoView.swift */,
				FEBA543823176F1D00E8EA2F /* OneCell.swift */,
				FEBA543423176EA800E8EA2F /* OneCell.xib */,
				FEBA543A23176F3900E8EA2F /* TopCell.swift */,
				FEBA543623176EE200E8EA2F /* TopCell.xib */,
				FE5BB4692334D6DC00B16563 /* AnimalTopCollectionViewCell.swift */,
				FE5BB4672334D6AF00B16563 /* AnimalTopCollectionViewCell.xib */,
				FEBA543E2317747200E8EA2F /* Main.storyboard */,
			);
			path = View;
			sourceTree = "<group>";
		};
		FEC2C458243432FD00632815 /* ViewController */ = {
			isa = PBXGroup;
			children = (
				FEBA54482317A86E00E8EA2F /* OneViewController.swift */,
				FEBA544A2317A87A00E8EA2F /* TwoViewController.swift */,
				FEBA544C2317A8B200E8EA2F /* FavoritesViewController.swift */,
			);
			path = ViewController;
			sourceTree = "<group>";
		};
		FEEB19E723176B0200B30AC0 = {
			isa = PBXGroup;
			children = (
				FEEB19F223176B0200B30AC0 /* Animal2 */,
				FEEB1A0723176B0300B30AC0 /* Animal2Tests */,
				FEEB1A1223176B0300B30AC0 /* Animal2UITests */,
				FEEB19F123176B0200B30AC0 /* Products */,
				2FAAC298AC6A0720B9648F60 /* Pods */,
				72E57F98E2857B2467E4340E /* Frameworks */,
			);
			sourceTree = "<group>";
		};
		FEEB19F123176B0200B30AC0 /* Products */ = {
			isa = PBXGroup;
			children = (
				FEEB19F023176B0200B30AC0 /* Animal2.app */,
				FEEB1A0423176B0300B30AC0 /* Animal2Tests.xctest */,
				FEEB1A0F23176B0300B30AC0 /* Animal2UITests.xctest */,
			);
			name = Products;
			sourceTree = "<group>";
		};
		FEEB19F223176B0200B30AC0 /* Animal2 */ = {
			isa = PBXGroup;
			children = (
				FEC2C458243432FD00632815 /* ViewController */,
				FEBA543023176DC900E8EA2F /* Service */,
				FEBA542E23176DB200E8EA2F /* Model */,
				FEBA543223176DEF00E8EA2F /* API */,
				FEBA543123176DDA00E8EA2F /* ViewModel */,
				FEBA543323176E2900E8EA2F /* View */,
				FEEB19F323176B0200B30AC0 /* AppDelegate.swift */,
				FEEB19F523176B0200B30AC0 /* ViewController.swift */,
				FEEB19FC23176B0300B30AC0 /* LaunchScreen.storyboard */,
				FEEB19FA23176B0300B30AC0 /* Assets.xcassets */,
				FEEB19FF23176B0300B30AC0 /* Info.plist */,
			);
			path = Animal2;
			sourceTree = "<group>";
		};
		FEEB1A0723176B0300B30AC0 /* Animal2Tests */ = {
			isa = PBXGroup;
			children = (
				FEEB1A0823176B0300B30AC0 /* Animal2Tests.swift */,
				FEEB1A0A23176B0300B30AC0 /* Info.plist */,
			);
			path = Animal2Tests;
			sourceTree = "<group>";
		};
		FEEB1A1223176B0300B30AC0 /* Animal2UITests */ = {
			isa = PBXGroup;
			children = (
				FEEB1A1323176B0300B30AC0 /* Animal2UITests.swift */,
				FEEB1A1523176B0300B30AC0 /* Info.plist */,
			);
			path = Animal2UITests;
			sourceTree = "<group>";
		};
/* End PBXGroup section */

/* Begin PBXNativeTarget section */
		FEEB19EF23176B0200B30AC0 /* Animal2 */ = {
			isa = PBXNativeTarget;
			buildConfigurationList = FEEB1A1823176B0300B30AC0 /* Build configuration list for PBXNativeTarget "Animal2" */;
			buildPhases = (
				FB02A63598208DEA989D1745 /* [CP] Check Pods Manifest.lock */,
				FEEB19EC23176B0200B30AC0 /* Sources */,
				FEEB19ED23176B0200B30AC0 /* Frameworks */,
				FEEB19EE23176B0200B30AC0 /* Resources */,
				92526777000F8B41642E0E06 /* [CP] Embed Pods Frameworks */,
			);
			buildRules = (
			);
			dependencies = (
			);
			name = Animal2;
			productName = Animal2;
			productReference = FEEB19F023176B0200B30AC0 /* Animal2.app */;
			productType = "com.apple.product-type.application";
		};
		FEEB1A0323176B0300B30AC0 /* Animal2Tests */ = {
			isa = PBXNativeTarget;
			buildConfigurationList = FEEB1A1B23176B0300B30AC0 /* Build configuration list for PBXNativeTarget "Animal2Tests" */;
			buildPhases = (
				39D3199892D6B1C190A1339F /* [CP] Check Pods Manifest.lock */,
				FEEB1A0023176B0300B30AC0 /* Sources */,
				FEEB1A0123176B0300B30AC0 /* Frameworks */,
				FEEB1A0223176B0300B30AC0 /* Resources */,
			);
			buildRules = (
			);
			dependencies = (
				FEEB1A0623176B0300B30AC0 /* PBXTargetDependency */,
			);
			name = Animal2Tests;
			productName = Animal2Tests;
			productReference = FEEB1A0423176B0300B30AC0 /* Animal2Tests.xctest */;
			productType = "com.apple.product-type.bundle.unit-test";
		};
		FEEB1A0E23176B0300B30AC0 /* Animal2UITests */ = {
			isa = PBXNativeTarget;
			buildConfigurationList = FEEB1A1E23176B0300B30AC0 /* Build configuration list for PBXNativeTarget "Animal2UITests" */;
			buildPhases = (
				FCE24C876B6D99CBC1240DB7 /* [CP] Check Pods Manifest.lock */,
				FEEB1A0B23176B0300B30AC0 /* Sources */,
				FEEB1A0C23176B0300B30AC0 /* Frameworks */,
				FEEB1A0D23176B0300B30AC0 /* Resources */,
			);
			buildRules = (
			);
			dependencies = (
				FEEB1A1123176B0300B30AC0 /* PBXTargetDependency */,
			);
			name = Animal2UITests;
			productName = Animal2UITests;
			productReference = FEEB1A0F23176B0300B30AC0 /* Animal2UITests.xctest */;
			productType = "com.apple.product-type.bundle.ui-testing";
		};
/* End PBXNativeTarget section */

/* Begin PBXProject section */
		FEEB19E823176B0200B30AC0 /* Project object */ = {
			isa = PBXProject;
			attributes = {
				LastSwiftUpdateCheck = 1020;
				LastUpgradeCheck = 1020;
				ORGANIZATIONNAME = "王一平";
				TargetAttributes = {
					FEEB19EF23176B0200B30AC0 = {
						CreatedOnToolsVersion = 10.2.1;
					};
					FEEB1A0323176B0300B30AC0 = {
						CreatedOnToolsVersion = 10.2.1;
						TestTargetID = FEEB19EF23176B0200B30AC0;
					};
					FEEB1A0E23176B0300B30AC0 = {
						CreatedOnToolsVersion = 10.2.1;
						TestTargetID = FEEB19EF23176B0200B30AC0;
					};
				};
			};
			buildConfigurationList = FEEB19EB23176B0200B30AC0 /* Build configuration list for PBXProject "Animal2" */;
			compatibilityVersion = "Xcode 9.3";
			developmentRegion = en;
			hasScannedForEncodings = 0;
			knownRegions = (
				en,
				Base,
			);
			mainGroup = FEEB19E723176B0200B30AC0;
			productRefGroup = FEEB19F123176B0200B30AC0 /* Products */;
			projectDirPath = "";
			projectRoot = "";
			targets = (
				FEEB19EF23176B0200B30AC0 /* Animal2 */,
				FEEB1A0323176B0300B30AC0 /* Animal2Tests */,
				FEEB1A0E23176B0300B30AC0 /* Animal2UITests */,
			);
		};
/* End PBXProject section */

/* Begin PBXResourcesBuildPhase section */
		FEEB19EE23176B0200B30AC0 /* Resources */ = {
			isa = PBXResourcesBuildPhase;
			buildActionMask = 2147483647;
			files = (
				FEBA543F2317747200E8EA2F /* Main.storyboard in Resources */,
				FE5BB4682334D6AF00B16563 /* AnimalTopCollectionViewCell.xib in Resources */,
				FEEB19FE23176B0300B30AC0 /* LaunchScreen.storyboard in Resources */,
				FEEB19FB23176B0300B30AC0 /* Assets.xcassets in Resources */,
				FEBA543723176EE200E8EA2F /* TopCell.xib in Resources */,
				FEBA543523176EA800E8EA2F /* OneCell.xib in Resources */,
			);
			runOnlyForDeploymentPostprocessing = 0;
		};
		FEEB1A0223176B0300B30AC0 /* Resources */ = {
			isa = PBXResourcesBuildPhase;
			buildActionMask = 2147483647;
			files = (
			);
			runOnlyForDeploymentPostprocessing = 0;
		};
		FEEB1A0D23176B0300B30AC0 /* Resources */ = {
			isa = PBXResourcesBuildPhase;
			buildActionMask = 2147483647;
			files = (
			);
			runOnlyForDeploymentPostprocessing = 0;
		};
/* End PBXResourcesBuildPhase section */

/* Begin PBXShellScriptBuildPhase section */
		39D3199892D6B1C190A1339F /* [CP] Check Pods Manifest.lock */ = {
			isa = PBXShellScriptBuildPhase;
			buildActionMask = 2147483647;
			files = (
			);
			inputFileListPaths = (
			);
			inputPaths = (
				"${PODS_PODFILE_DIR_PATH}/Podfile.lock",
				"${PODS_ROOT}/Manifest.lock",
			);
			name = "[CP] Check Pods Manifest.lock";
			outputFileListPaths = (
			);
			outputPaths = (
				"$(DERIVED_FILE_DIR)/Pods-Animal2Tests-checkManifestLockResult.txt",
			);
			runOnlyForDeploymentPostprocessing = 0;
			shellPath = /bin/sh;
			shellScript = "diff \"${PODS_PODFILE_DIR_PATH}/Podfile.lock\" \"${PODS_ROOT}/Manifest.lock\" > /dev/null\nif [ $? != 0 ] ; then\n    # print error to STDERR\n    echo \"error: The sandbox is not in sync with the Podfile.lock. Run 'pod install' or update your CocoaPods installation.\" >&2\n    exit 1\nfi\n# This output is used by Xcode 'outputs' to avoid re-running this script phase.\necho \"SUCCESS\" > \"${SCRIPT_OUTPUT_FILE_0}\"\n";
			showEnvVarsInLog = 0;
		};
		92526777000F8B41642E0E06 /* [CP] Embed Pods Frameworks */ = {
			isa = PBXShellScriptBuildPhase;
			buildActionMask = 2147483647;
			files = (
			);
			inputFileListPaths = (
				"${PODS_ROOT}/Target Support Files/Pods-Animal2/Pods-Animal2-frameworks-${CONFIGURATION}-input-files.xcfilelist",
			);
			name = "[CP] Embed Pods Frameworks";
			outputFileListPaths = (
				"${PODS_ROOT}/Target Support Files/Pods-Animal2/Pods-Animal2-frameworks-${CONFIGURATION}-output-files.xcfilelist",
			);
			runOnlyForDeploymentPostprocessing = 0;
			shellPath = /bin/sh;
			shellScript = "\"${PODS_ROOT}/Target Support Files/Pods-Animal2/Pods-Animal2-frameworks.sh\"\n";
			showEnvVarsInLog = 0;
		};
		FB02A63598208DEA989D1745 /* [CP] Check Pods Manifest.lock */ = {
			isa = PBXShellScriptBuildPhase;
			buildActionMask = 2147483647;
			files = (
			);
			inputFileListPaths = (
			);
			inputPaths = (
				"${PODS_PODFILE_DIR_PATH}/Podfile.lock",
				"${PODS_ROOT}/Manifest.lock",
			);
			name = "[CP] Check Pods Manifest.lock";
			outputFileListPaths = (
			);
			outputPaths = (
				"$(DERIVED_FILE_DIR)/Pods-Animal2-checkManifestLockResult.txt",
			);
			runOnlyForDeploymentPostprocessing = 0;
			shellPath = /bin/sh;
			shellScript = "diff \"${PODS_PODFILE_DIR_PATH}/Podfile.lock\" \"${PODS_ROOT}/Manifest.lock\" > /dev/null\nif [ $? != 0 ] ; then\n    # print error to STDERR\n    echo \"error: The sandbox is not in sync with the Podfile.lock. Run 'pod install' or update your CocoaPods installation.\" >&2\n    exit 1\nfi\n# This output is used by Xcode 'outputs' to avoid re-running this script phase.\necho \"SUCCESS\" > \"${SCRIPT_OUTPUT_FILE_0}\"\n";
			showEnvVarsInLog = 0;
		};
		FCE24C876B6D99CBC1240DB7 /* [CP] Check Pods Manifest.lock */ = {
			isa = PBXShellScriptBuildPhase;
			buildActionMask = 2147483647;
			files = (
			);
			inputFileListPaths = (
			);
			inputPaths = (
				"${PODS_PODFILE_DIR_PATH}/Podfile.lock",
				"${PODS_ROOT}/Manifest.lock",
			);
			name = "[CP] Check Pods Manifest.lock";
			outputFileListPaths = (
			);
			outputPaths = (
				"$(DERIVED_FILE_DIR)/Pods-Animal2UITests-checkManifestLockResult.txt",
			);
			runOnlyForDeploymentPostprocessing = 0;
			shellPath = /bin/sh;
			shellScript = "diff \"${PODS_PODFILE_DIR_PATH}/Podfile.lock\" \"${PODS_ROOT}/Manifest.lock\" > /dev/null\nif [ $? != 0 ] ; then\n    # print error to STDERR\n    echo \"error: The sandbox is not in sync with the Podfile.lock. Run 'pod install' or update your CocoaPods installation.\" >&2\n    exit 1\nfi\n# This output is used by Xcode 'outputs' to avoid re-running this script phase.\necho \"SUCCESS\" > \"${SCRIPT_OUTPUT_FILE_0}\"\n";
			showEnvVarsInLog = 0;
		};
/* End PBXShellScriptBuildPhase section */

/* Begin PBXSourcesBuildPhase section */
		FEEB19EC23176B0200B30AC0 /* Sources */ = {
			isa = PBXSourcesBuildPhase;
			buildActionMask = 2147483647;
			files = (
				FE5BB46A2334D6DC00B16563 /* AnimalTopCollectionViewCell.swift in Sources */,
				FEBA54492317A86E00E8EA2F /* OneViewController.swift in Sources */,
				FEBA543B23176F3900E8EA2F /* TopCell.swift in Sources */,
				FEBA544F2317C29300E8EA2F /* AnimalViewModel.swift in Sources */,
				FEBA54472317A84A00E8EA2F /* AnimalService.swift in Sources */,
				FEBA54432317A36900E8EA2F /* AnimalModel.swift in Sources */,
				FEC2C45C24349BBF00632815 /* TwoView.swift in Sources */,
				FEBA543923176F1D00E8EA2F /* OneCell.swift in Sources */,
				FEBA544B2317A87A00E8EA2F /* TwoViewController.swift in Sources */,
				FEBA544D2317A8B200E8EA2F /* FavoritesViewController.swift in Sources */,
				FEEB19F623176B0200B30AC0 /* ViewController.swift in Sources */,
				FEBA54412317A29700E8EA2F /* AnimalAPI.swift in Sources */,
				FEEB19F423176B0200B30AC0 /* AppDelegate.swift in Sources */,
			);
			runOnlyForDeploymentPostprocessing = 0;
		};
		FEEB1A0023176B0300B30AC0 /* Sources */ = {
			isa = PBXSourcesBuildPhase;
			buildActionMask = 2147483647;
			files = (
				FEEB1A0923176B0300B30AC0 /* Animal2Tests.swift in Sources */,
			);
			runOnlyForDeploymentPostprocessing = 0;
		};
		FEEB1A0B23176B0300B30AC0 /* Sources */ = {
			isa = PBXSourcesBuildPhase;
			buildActionMask = 2147483647;
			files = (
				FEEB1A1423176B0300B30AC0 /* Animal2UITests.swift in Sources */,
			);
			runOnlyForDeploymentPostprocessing = 0;
		};
/* End PBXSourcesBuildPhase section */

/* Begin PBXTargetDependency section */
		FEEB1A0623176B0300B30AC0 /* PBXTargetDependency */ = {
			isa = PBXTargetDependency;
			target = FEEB19EF23176B0200B30AC0 /* Animal2 */;
			targetProxy = FEEB1A0523176B0300B30AC0 /* PBXContainerItemProxy */;
		};
		FEEB1A1123176B0300B30AC0 /* PBXTargetDependency */ = {
			isa = PBXTargetDependency;
			target = FEEB19EF23176B0200B30AC0 /* Animal2 */;
			targetProxy = FEEB1A1023176B0300B30AC0 /* PBXContainerItemProxy */;
		};
/* End PBXTargetDependency section */

/* Begin PBXVariantGroup section */
		FEEB19FC23176B0300B30AC0 /* LaunchScreen.storyboard */ = {
			isa = PBXVariantGroup;
			children = (
				FEEB19FD23176B0300B30AC0 /* Base */,
			);
			name = LaunchScreen.storyboard;
			sourceTree = "<group>";
		};
/* End PBXVariantGroup section */

/* Begin XCBuildConfiguration section */
		FEEB1A1623176B0300B30AC0 /* Debug */ = {
			isa = XCBuildConfiguration;
			buildSettings = {
				ALWAYS_SEARCH_USER_PATHS = NO;
				CLANG_ANALYZER_NONNULL = YES;
				CLANG_ANALYZER_NUMBER_OBJECT_CONVERSION = YES_AGGRESSIVE;
				CLANG_CXX_LANGUAGE_STANDARD = "gnu++14";
				CLANG_CXX_LIBRARY = "libc++";
				CLANG_ENABLE_MODULES = YES;
				CLANG_ENABLE_OBJC_ARC = YES;
				CLANG_ENABLE_OBJC_WEAK = YES;
				CLANG_WARN_BLOCK_CAPTURE_AUTORELEASING = YES;
				CLANG_WARN_BOOL_CONVERSION = YES;
				CLANG_WARN_COMMA = YES;
				CLANG_WARN_CONSTANT_CONVERSION = YES;
				CLANG_WARN_DEPRECATED_OBJC_IMPLEMENTATIONS = YES;
				CLANG_WARN_DIRECT_OBJC_ISA_USAGE = YES_ERROR;
				CLANG_WARN_DOCUMENTATION_COMMENTS = YES;
				CLANG_WARN_EMPTY_BODY = YES;
				CLANG_WARN_ENUM_CONVERSION = YES;
				CLANG_WARN_INFINITE_RECURSION = YES;
				CLANG_WARN_INT_CONVERSION = YES;
				CLANG_WARN_NON_LITERAL_NULL_CONVERSION = YES;
				CLANG_WARN_OBJC_IMPLICIT_RETAIN_SELF = YES;
				CLANG_WARN_OBJC_LITERAL_CONVERSION = YES;
				CLANG_WARN_OBJC_ROOT_CLASS = YES_ERROR;
				CLANG_WARN_RANGE_LOOP_ANALYSIS = YES;
				CLANG_WARN_STRICT_PROTOTYPES = YES;
				CLANG_WARN_SUSPICIOUS_MOVE = YES;
				CLANG_WARN_UNGUARDED_AVAILABILITY = YES_AGGRESSIVE;
				CLANG_WARN_UNREACHABLE_CODE = YES;
				CLANG_WARN__DUPLICATE_METHOD_MATCH = YES;
				CODE_SIGN_IDENTITY = "iPhone Developer";
				COPY_PHASE_STRIP = NO;
				DEBUG_INFORMATION_FORMAT = dwarf;
				ENABLE_STRICT_OBJC_MSGSEND = YES;
				ENABLE_TESTABILITY = YES;
				GCC_C_LANGUAGE_STANDARD = gnu11;
				GCC_DYNAMIC_NO_PIC = NO;
				GCC_NO_COMMON_BLOCKS = YES;
				GCC_OPTIMIZATION_LEVEL = 0;
				GCC_PREPROCESSOR_DEFINITIONS = (
					"DEBUG=1",
					"$(inherited)",
				);
				GCC_WARN_64_TO_32_BIT_CONVERSION = YES;
				GCC_WARN_ABOUT_RETURN_TYPE = YES_ERROR;
				GCC_WARN_UNDECLARED_SELECTOR = YES;
				GCC_WARN_UNINITIALIZED_AUTOS = YES_AGGRESSIVE;
				GCC_WARN_UNUSED_FUNCTION = YES;
				GCC_WARN_UNUSED_VARIABLE = YES;
				IPHONEOS_DEPLOYMENT_TARGET = 12.2;
				MTL_ENABLE_DEBUG_INFO = INCLUDE_SOURCE;
				MTL_FAST_MATH = YES;
				ONLY_ACTIVE_ARCH = YES;
				SDKROOT = iphoneos;
				SWIFT_ACTIVE_COMPILATION_CONDITIONS = DEBUG;
				SWIFT_OPTIMIZATION_LEVEL = "-Onone";
			};
			name = Debug;
		};
		FEEB1A1723176B0300B30AC0 /* Release */ = {
			isa = XCBuildConfiguration;
			buildSettings = {
				ALWAYS_SEARCH_USER_PATHS = NO;
				CLANG_ANALYZER_NONNULL = YES;
				CLANG_ANALYZER_NUMBER_OBJECT_CONVERSION = YES_AGGRESSIVE;
				CLANG_CXX_LANGUAGE_STANDARD = "gnu++14";
				CLANG_CXX_LIBRARY = "libc++";
				CLANG_ENABLE_MODULES = YES;
				CLANG_ENABLE_OBJC_ARC = YES;
				CLANG_ENABLE_OBJC_WEAK = YES;
				CLANG_WARN_BLOCK_CAPTURE_AUTORELEASING = YES;
				CLANG_WARN_BOOL_CONVERSION = YES;
				CLANG_WARN_COMMA = YES;
				CLANG_WARN_CONSTANT_CONVERSION = YES;
				CLANG_WARN_DEPRECATED_OBJC_IMPLEMENTATIONS = YES;
				CLANG_WARN_DIRECT_OBJC_ISA_USAGE = YES_ERROR;
				CLANG_WARN_DOCUMENTATION_COMMENTS = YES;
				CLANG_WARN_EMPTY_BODY = YES;
				CLANG_WARN_ENUM_CONVERSION = YES;
				CLANG_WARN_INFINITE_RECURSION = YES;
				CLANG_WARN_INT_CONVERSION = YES;
				CLANG_WARN_NON_LITERAL_NULL_CONVERSION = YES;
				CLANG_WARN_OBJC_IMPLICIT_RETAIN_SELF = YES;
				CLANG_WARN_OBJC_LITERAL_CONVERSION = YES;
				CLANG_WARN_OBJC_ROOT_CLASS = YES_ERROR;
				CLANG_WARN_RANGE_LOOP_ANALYSIS = YES;
				CLANG_WARN_STRICT_PROTOTYPES = YES;
				CLANG_WARN_SUSPICIOUS_MOVE = YES;
				CLANG_WARN_UNGUARDED_AVAILABILITY = YES_AGGRESSIVE;
				CLANG_WARN_UNREACHABLE_CODE = YES;
				CLANG_WARN__DUPLICATE_METHOD_MATCH = YES;
				CODE_SIGN_IDENTITY = "iPhone Developer";
				COPY_PHASE_STRIP = NO;
				DEBUG_INFORMATION_FORMAT = "dwarf-with-dsym";
				ENABLE_NS_ASSERTIONS = NO;
				ENABLE_STRICT_OBJC_MSGSEND = YES;
				GCC_C_LANGUAGE_STANDARD = gnu11;
				GCC_NO_COMMON_BLOCKS = YES;
				GCC_WARN_64_TO_32_BIT_CONVERSION = YES;
				GCC_WARN_ABOUT_RETURN_TYPE = YES_ERROR;
				GCC_WARN_UNDECLARED_SELECTOR = YES;
				GCC_WARN_UNINITIALIZED_AUTOS = YES_AGGRESSIVE;
				GCC_WARN_UNUSED_FUNCTION = YES;
				GCC_WARN_UNUSED_VARIABLE = YES;
				IPHONEOS_DEPLOYMENT_TARGET = 12.2;
				MTL_ENABLE_DEBUG_INFO = NO;
				MTL_FAST_MATH = YES;
				SDKROOT = iphoneos;
				SWIFT_COMPILATION_MODE = wholemodule;
				SWIFT_OPTIMIZATION_LEVEL = "-O";
				VALIDATE_PRODUCT = YES;
			};
			name = Release;
		};
		FEEB1A1923176B0300B30AC0 /* Debug */ = {
			isa = XCBuildConfiguration;
			baseConfigurationReference = 22B4AFB61262DDDEEF54FADF /* Pods-Animal2.debug.xcconfig */;
			buildSettings = {
				ASSETCATALOG_COMPILER_APPICON_NAME = AppIcon;
				CODE_SIGN_STYLE = Manual;
				DEVELOPMENT_TEAM = TKC2G2KW83;
				INFOPLIST_FILE = Animal2/Info.plist;
				IPHONEOS_DEPLOYMENT_TARGET = 10.0;
				LD_RUNPATH_SEARCH_PATHS = (
					"$(inherited)",
					"@executable_path/Frameworks",
				);
				PRODUCT_BUNDLE_IDENTIFIER = com.m.health.app1;
				PRODUCT_NAME = "$(TARGET_NAME)";
				PROVISIONING_PROFILE_SPECIFIER = health1.dev;
				SWIFT_VERSION = 5.0;
				TARGETED_DEVICE_FAMILY = 1;
			};
			name = Debug;
		};
		FEEB1A1A23176B0300B30AC0 /* Release */ = {
			isa = XCBuildConfiguration;
			baseConfigurationReference = FFEC1392CF5691B5F05FBA17 /* Pods-Animal2.release.xcconfig */;
			buildSettings = {
				ASSETCATALOG_COMPILER_APPICON_NAME = AppIcon;
				CODE_SIGN_IDENTITY = "iPhone Distribution";
				CODE_SIGN_STYLE = Manual;
				DEVELOPMENT_TEAM = TKC2G2KW83;
				INFOPLIST_FILE = Animal2/Info.plist;
				IPHONEOS_DEPLOYMENT_TARGET = 10.0;
				LD_RUNPATH_SEARCH_PATHS = (
					"$(inherited)",
					"@executable_path/Frameworks",
				);
				PRODUCT_BUNDLE_IDENTIFIER = com.m.health.app1;
				PRODUCT_NAME = "$(TARGET_NAME)";
				PROVISIONING_PROFILE_SPECIFIER = health1_store;
				SWIFT_VERSION = 5.0;
				TARGETED_DEVICE_FAMILY = 1;
			};
			name = Release;
		};
		FEEB1A1C23176B0300B30AC0 /* Debug */ = {
			isa = XCBuildConfiguration;
			baseConfigurationReference = 7AE642E5545F69745FBA6BE5 /* Pods-Animal2Tests.debug.xcconfig */;
			buildSettings = {
				ALWAYS_EMBED_SWIFT_STANDARD_LIBRARIES = YES;
				BUNDLE_LOADER = "$(TEST_HOST)";
				CODE_SIGN_STYLE = Automatic;
				DEVELOPMENT_TEAM = J86D5LTY88;
				INFOPLIST_FILE = Animal2Tests/Info.plist;
				LD_RUNPATH_SEARCH_PATHS = (
					"$(inherited)",
					"@executable_path/Frameworks",
					"@loader_path/Frameworks",
				);
				PRODUCT_BUNDLE_IDENTIFIER = "-.Animal2Tests";
				PRODUCT_NAME = "$(TARGET_NAME)";
				SWIFT_VERSION = 5.0;
				TARGETED_DEVICE_FAMILY = "1,2";
				TEST_HOST = "$(BUILT_PRODUCTS_DIR)/Animal2.app/Animal2";
			};
			name = Debug;
		};
		FEEB1A1D23176B0300B30AC0 /* Release */ = {
			isa = XCBuildConfiguration;
			baseConfigurationReference = DF0FD464966AC513C1BCF047 /* Pods-Animal2Tests.release.xcconfig */;
			buildSettings = {
				ALWAYS_EMBED_SWIFT_STANDARD_LIBRARIES = YES;
				BUNDLE_LOADER = "$(TEST_HOST)";
				CODE_SIGN_STYLE = Automatic;
				DEVELOPMENT_TEAM = J86D5LTY88;
				INFOPLIST_FILE = Animal2Tests/Info.plist;
				LD_RUNPATH_SEARCH_PATHS = (
					"$(inherited)",
					"@executable_path/Frameworks",
					"@loader_path/Frameworks",
				);
				PRODUCT_BUNDLE_IDENTIFIER = "-.Animal2Tests";
				PRODUCT_NAME = "$(TARGET_NAME)";
				SWIFT_VERSION = 5.0;
				TARGETED_DEVICE_FAMILY = "1,2";
				TEST_HOST = "$(BUILT_PRODUCTS_DIR)/Animal2.app/Animal2";
			};
			name = Release;
		};
		FEEB1A1F23176B0300B30AC0 /* Debug */ = {
			isa = XCBuildConfiguration;
			baseConfigurationReference = B28DC89FEEA45C27923225D1 /* Pods-Animal2UITests.debug.xcconfig */;
			buildSettings = {
				ALWAYS_EMBED_SWIFT_STANDARD_LIBRARIES = YES;
				CODE_SIGN_STYLE = Automatic;
				DEVELOPMENT_TEAM = J86D5LTY88;
				INFOPLIST_FILE = Animal2UITests/Info.plist;
				LD_RUNPATH_SEARCH_PATHS = (
					"$(inherited)",
					"@executable_path/Frameworks",
					"@loader_path/Frameworks",
				);
				PRODUCT_BUNDLE_IDENTIFIER = "-.Animal2UITests";
				PRODUCT_NAME = "$(TARGET_NAME)";
				SWIFT_VERSION = 5.0;
				TARGETED_DEVICE_FAMILY = "1,2";
				TEST_TARGET_NAME = Animal2;
			};
			name = Debug;
		};
		FEEB1A2023176B0300B30AC0 /* Release */ = {
			isa = XCBuildConfiguration;
			baseConfigurationReference = 64704A326E20DBC21B1688FB /* Pods-Animal2UITests.release.xcconfig */;
			buildSettings = {
				ALWAYS_EMBED_SWIFT_STANDARD_LIBRARIES = YES;
				CODE_SIGN_STYLE = Automatic;
				DEVELOPMENT_TEAM = J86D5LTY88;
				INFOPLIST_FILE = Animal2UITests/Info.plist;
				LD_RUNPATH_SEARCH_PATHS = (
					"$(inherited)",
					"@executable_path/Frameworks",
					"@loader_path/Frameworks",
				);
				PRODUCT_BUNDLE_IDENTIFIER = "-.Animal2UITests";
				PRODUCT_NAME = "$(TARGET_NAME)";
				SWIFT_VERSION = 5.0;
				TARGETED_DEVICE_FAMILY = "1,2";
				TEST_TARGET_NAME = Animal2;
			};
			name = Release;
		};
/* End XCBuildConfiguration section */

/* Begin XCConfigurationList section */
		FEEB19EB23176B0200B30AC0 /* Build configuration list for PBXProject "Animal2" */ = {
			isa = XCConfigurationList;
			buildConfigurations = (
				FEEB1A1623176B0300B30AC0 /* Debug */,
				FEEB1A1723176B0300B30AC0 /* Release */,
			);
			defaultConfigurationIsVisible = 0;
			defaultConfigurationName = Release;
		};
		FEEB1A1823176B0300B30AC0 /* Build configuration list for PBXNativeTarget "Animal2" */ = {
			isa = XCConfigurationList;
			buildConfigurations = (
				FEEB1A1923176B0300B30AC0 /* Debug */,
				FEEB1A1A23176B0300B30AC0 /* Release */,
			);
			defaultConfigurationIsVisible = 0;
			defaultConfigurationName = Release;
		};
		FEEB1A1B23176B0300B30AC0 /* Build configuration list for PBXNativeTarget "Animal2Tests" */ = {
			isa = XCConfigurationList;
			buildConfigurations = (
				FEEB1A1C23176B0300B30AC0 /* Debug */,
				FEEB1A1D23176B0300B30AC0 /* Release */,
			);
			defaultConfigurationIsVisible = 0;
			defaultConfigurationName = Release;
		};
		FEEB1A1E23176B0300B30AC0 /* Build configuration list for PBXNativeTarget "Animal2UITests" */ = {
			isa = XCConfigurationList;
			buildConfigurations = (
				FEEB1A1F23176B0300B30AC0 /* Debug */,
				FEEB1A2023176B0300B30AC0 /* Release */,
			);
			defaultConfigurationIsVisible = 0;
			defaultConfigurationName = Release;
		};
/* End XCConfigurationList section */
	};
	rootObject = FEEB19E823176B0200B30AC0 /* Project object */;
}
